{
  "version": 4,
  "terraform_version": "0.12.24",
  "serial": 9,
  "lineage": "d3e46118-b346-bfed-d857-0fda81e0f9ca",
  "outputs": {},
  "resources": [
    {
      "module": "module.rds_DATABASE",
      "mode": "data",
      "type": "aws_caller_identity",
      "name": "current",
      "provider": "provider.aws",
      "instances": [
        {
          "schema_version": 0,
          "attributes": {
            "account_id": "399728276788",
            "arn": "arn:aws:iam::399728276788:user/sam.habash.devops",
            "id": "2020-05-25 15:30:41.973732322 +0000 UTC",
            "user_id": "AIDAV2ENJOU2MVTURQI7M"
          }
        }
      ]
    },
    {
      "module": "module.rds_DATABASE",
      "mode": "data",
      "type": "aws_region",
      "name": "current",
      "provider": "provider.aws",
      "instances": [
        {
          "schema_version": 0,
          "attributes": {
            "current": null,
            "description": "US East (N. Virginia)",
            "endpoint": "ec2.us-east-1.amazonaws.com",
            "id": "us-east-1",
            "name": "us-east-1"
          }
        }
      ]
    },
    {
      "module": "module.rds_DATABASE",
      "mode": "data",
      "type": "aws_security_group",
      "name": "default",
      "provider": "provider.aws",
      "instances": [
        {
          "schema_version": 0,
          "attributes": {
            "arn": "arn:aws:ec2:us-east-1:399728276788:security-group/sg-5998e977",
            "description": "default VPC security group",
            "filter": null,
            "id": "sg-5998e977",
            "name": "default",
            "tags": {},
            "vpc_id": "vpc-6b282b11"
          }
        }
      ]
    },
    {
      "module": "module.rds_DATABASE",
      "mode": "data",
      "type": "aws_security_group",
      "name": "rds-sg",
      "provider": "provider.aws",
      "instances": [
        {
          "schema_version": 0,
          "attributes": {
            "arn": "arn:aws:ec2:us-east-1:399728276788:security-group/sg-036b9c1a652e95c80",
            "description": "Managed by Terraform",
            "filter": null,
            "id": "sg-036b9c1a652e95c80",
            "name": "dev-rds-sg",
            "tags": {},
            "vpc_id": "vpc-6b282b11"
          }
        }
      ]
    },
    {
      "module": "module.rds_DATABASE",
      "mode": "data",
      "type": "aws_subnet",
      "name": "rds_subnet_id_1",
      "provider": "provider.aws",
      "instances": [
        {
          "schema_version": 0,
          "attributes": {
            "arn": "arn:aws:ec2:us-east-1:399728276788:subnet/subnet-4ac4332c",
            "assign_ipv6_address_on_creation": false,
            "availability_zone": "us-east-1a",
            "availability_zone_id": "use1-az1",
            "cidr_block": "172.31.0.0/20",
            "default_for_az": true,
            "filter": null,
            "id": "subnet-4ac4332c",
            "ipv6_cidr_block": null,
            "ipv6_cidr_block_association_id": null,
            "map_public_ip_on_launch": true,
            "outpost_arn": "",
            "owner_id": "399728276788",
            "state": "available",
            "tags": {},
            "vpc_id": "vpc-6b282b11"
          }
        }
      ]
    },
    {
      "module": "module.rds_DATABASE",
      "mode": "data",
      "type": "aws_subnet",
      "name": "rds_subnet_id_2",
      "provider": "provider.aws",
      "instances": [
        {
          "schema_version": 0,
          "attributes": {
            "arn": "arn:aws:ec2:us-east-1:399728276788:subnet/subnet-88a05da9",
            "assign_ipv6_address_on_creation": false,
            "availability_zone": "us-east-1b",
            "availability_zone_id": "use1-az2",
            "cidr_block": "172.31.80.0/20",
            "default_for_az": true,
            "filter": null,
            "id": "subnet-88a05da9",
            "ipv6_cidr_block": null,
            "ipv6_cidr_block_association_id": null,
            "map_public_ip_on_launch": true,
            "outpost_arn": "",
            "owner_id": "399728276788",
            "state": "available",
            "tags": {},
            "vpc_id": "vpc-6b282b11"
          }
        }
      ]
    },
    {
      "module": "module.rds_DATABASE",
      "mode": "data",
      "type": "aws_vpc",
      "name": "default",
      "provider": "provider.aws",
      "instances": [
        {
          "schema_version": 0,
          "attributes": {
            "arn": "arn:aws:ec2:us-east-1:399728276788:vpc/vpc-6b282b11",
            "cidr_block": "172.31.0.0/16",
            "cidr_block_associations": [
              {
                "association_id": "vpc-cidr-assoc-d3031fbf",
                "cidr_block": "172.31.0.0/16",
                "state": "associated"
              }
            ],
            "default": true,
            "dhcp_options_id": "dopt-15b9156f",
            "enable_dns_hostnames": true,
            "enable_dns_support": true,
            "filter": null,
            "id": "vpc-6b282b11",
            "instance_tenancy": "default",
            "ipv6_association_id": null,
            "ipv6_cidr_block": null,
            "main_route_table_id": "rtb-035ad47d",
            "owner_id": "399728276788",
            "state": "available",
            "tags": {}
          }
        }
      ]
    },
    {
      "module": "module.rds_DATABASE",
      "mode": "managed",
      "type": "aws_db_instance",
      "name": "rds_instance",
      "provider": "provider.aws",
      "instances": [
        {
          "schema_version": 1,
          "attributes": {
            "address": "generic-mysql-instances.c4gk1wylhufw.us-east-1.rds.amazonaws.com",
            "allocated_storage": 20,
            "allow_major_version_upgrade": null,
            "apply_immediately": null,
            "arn": "arn:aws:rds:us-east-1:399728276788:db:generic-mysql-instances",
            "auto_minor_version_upgrade": true,
            "availability_zone": "us-east-1b",
            "backup_retention_period": 0,
            "backup_window": "03:20-03:50",
            "ca_cert_identifier": "rds-ca-2019",
            "character_set_name": null,
            "copy_tags_to_snapshot": false,
            "db_subnet_group_name": "dev-rds-subnet",
            "delete_automated_backups": true,
            "deletion_protection": false,
            "domain": "",
            "domain_iam_role_name": "",
            "enabled_cloudwatch_logs_exports": null,
            "endpoint": "generic-mysql-instances.c4gk1wylhufw.us-east-1.rds.amazonaws.com:3306",
            "engine": "mysql",
            "engine_version": "5.7.22",
            "final_snapshot_identifier": null,
            "hosted_zone_id": "Z2R2ITUGPM61AM",
            "iam_database_authentication_enabled": true,
            "id": "generic-mysql-instances",
            "identifier": "generic-mysql-instances",
            "identifier_prefix": null,
            "instance_class": "db.t2.micro",
            "iops": 0,
            "kms_key_id": "",
            "license_model": "general-public-license",
            "maintenance_window": "tue:04:16-tue:04:46",
            "max_allocated_storage": 0,
            "monitoring_interval": 0,
            "monitoring_role_arn": "",
            "multi_az": false,
            "name": "lambdalines",
            "option_group_name": "default:mysql-5-7",
            "parameter_group_name": "default.mysql5.7",
            "password": "RadhtL5g7%fWJm$g",
            "performance_insights_enabled": false,
            "performance_insights_kms_key_id": "",
            "performance_insights_retention_period": 0,
            "port": 3306,
            "publicly_accessible": true,
            "replicas": [],
            "replicate_source_db": "",
            "resource_id": "db-EP2PPQIGSVSLXR7KN7ZXMSMEQE",
            "s3_import": [],
            "security_group_names": null,
            "skip_final_snapshot": true,
            "snapshot_identifier": null,
            "status": "available",
            "storage_encrypted": false,
            "storage_type": "gp2",
            "tags": null,
            "timeouts": null,
            "timezone": "",
            "username": "sam",
            "vpc_security_group_ids": [
              "sg-036b9c1a652e95c80",
              "sg-5998e977"
            ]
          },
          "private": "eyJlMmJmYjczMC1lY2FhLTExZTYtOGY4OC0zNDM2M2JjN2M0YzAiOnsiY3JlYXRlIjoyNDAwMDAwMDAwMDAwLCJkZWxldGUiOjI0MDAwMDAwMDAwMDAsInVwZGF0ZSI6NDgwMDAwMDAwMDAwMH0sInNjaGVtYV92ZXJzaW9uIjoiMSJ9",
          "dependencies": [
            "module.rds_DATABASE.aws_db_subnet_group.rds_subnet",
            "module.rds_DATABASE.aws_security_group.rds_sg",
            "module.rds_DATABASE.module.global_vars.random_password.rds_random_pass"
          ]
        }
      ]
    },
    {
      "module": "module.rds_DATABASE",
      "mode": "managed",
      "type": "aws_db_subnet_group",
      "name": "rds_subnet",
      "provider": "provider.aws",
      "instances": [
        {
          "schema_version": 0,
          "attributes": {
            "arn": "arn:aws:rds:us-east-1:399728276788:subgrp:dev-rds-subnet",
            "description": "Managed by Terraform",
            "id": "dev-rds-subnet",
            "name": "dev-rds-subnet",
            "name_prefix": null,
            "subnet_ids": [
              "subnet-4ac4332c",
              "subnet-88a05da9"
            ],
            "tags": null
          },
          "private": "bnVsbA==",
          "dependencies": [
            "module.rds_DATABASE.module.global_vars.random_password.rds_random_pass"
          ]
        }
      ]
    },
    {
      "module": "module.rds_DATABASE",
      "mode": "managed",
      "type": "aws_security_group",
      "name": "rds_sg",
      "provider": "provider.aws",
      "instances": [
        {
          "schema_version": 1,
          "attributes": {
            "arn": "arn:aws:ec2:us-east-1:399728276788:security-group/sg-036b9c1a652e95c80",
            "description": "Managed by Terraform",
            "egress": [
              {
                "cidr_blocks": [
                  "0.0.0.0/0"
                ],
                "description": "",
                "from_port": 0,
                "ipv6_cidr_blocks": [],
                "prefix_list_ids": [],
                "protocol": "tcp",
                "security_groups": [],
                "self": false,
                "to_port": 0
              }
            ],
            "id": "sg-036b9c1a652e95c80",
            "ingress": [
              {
                "cidr_blocks": [],
                "description": "",
                "from_port": 0,
                "ipv6_cidr_blocks": [],
                "prefix_list_ids": [],
                "protocol": "-1",
                "security_groups": [],
                "self": true,
                "to_port": 0
              }
            ],
            "name": "dev-rds-sg",
            "name_prefix": null,
            "owner_id": "399728276788",
            "revoke_rules_on_delete": false,
            "tags": {},
            "timeouts": null,
            "vpc_id": "vpc-6b282b11"
          },
          "private": "eyJlMmJmYjczMC1lY2FhLTExZTYtOGY4OC0zNDM2M2JjN2M0YzAiOnsiY3JlYXRlIjo2MDAwMDAwMDAwMDAsImRlbGV0ZSI6NjAwMDAwMDAwMDAwfSwic2NoZW1hX3ZlcnNpb24iOiIxIn0=",
          "dependencies": [
            "module.rds_DATABASE.module.global_vars.random_password.rds_random_pass"
          ]
        }
      ]
    },
    {
      "module": "module.rds_DATABASE",
      "mode": "managed",
      "type": "aws_security_group_rule",
      "name": "egress_allow_all_rds",
      "provider": "provider.aws",
      "instances": [
        {
          "schema_version": 2,
          "attributes": {
            "cidr_blocks": [
              "0.0.0.0/0"
            ],
            "description": "",
            "from_port": 0,
            "id": "sgrule-2340870807",
            "ipv6_cidr_blocks": [],
            "prefix_list_ids": [],
            "protocol": "tcp",
            "security_group_id": "sg-036b9c1a652e95c80",
            "self": false,
            "source_security_group_id": null,
            "to_port": 0,
            "type": "egress"
          },
          "private": "eyJzY2hlbWFfdmVyc2lvbiI6IjIifQ==",
          "dependencies": [
            "module.rds_DATABASE.aws_security_group.rds_sg",
            "module.rds_DATABASE.module.global_vars.random_password.rds_random_pass"
          ]
        }
      ]
    },
    {
      "module": "module.rds_DATABASE",
      "mode": "managed",
      "type": "aws_security_group_rule",
      "name": "ingress_allow_all_rds",
      "provider": "provider.aws",
      "instances": [
        {
          "schema_version": 2,
          "attributes": {
            "cidr_blocks": [],
            "description": "",
            "from_port": 0,
            "id": "sgrule-1340222890",
            "ipv6_cidr_blocks": [],
            "prefix_list_ids": [],
            "protocol": "-1",
            "security_group_id": "sg-036b9c1a652e95c80",
            "self": true,
            "source_security_group_id": "sg-036b9c1a652e95c80",
            "to_port": 0,
            "type": "ingress"
          },
          "private": "eyJzY2hlbWFfdmVyc2lvbiI6IjIifQ==",
          "dependencies": [
            "module.rds_DATABASE.aws_security_group.rds_sg",
            "module.rds_DATABASE.module.global_vars.random_password.rds_random_pass"
          ]
        }
      ]
    },
    {
      "module": "module.rds_DATABASE.module.global_vars",
      "mode": "managed",
      "type": "random_password",
      "name": "rds_random_pass",
      "provider": "provider.random",
      "instances": [
        {
          "schema_version": 0,
          "attributes": {
            "id": "none",
            "keepers": null,
            "length": 16,
            "lower": true,
            "min_lower": 0,
            "min_numeric": 0,
            "min_special": 0,
            "min_upper": 0,
            "number": true,
            "override_special": "$%*",
            "result": "RadhtL5g7%fWJm$g",
            "special": true,
            "upper": true
          },
          "private": "bnVsbA=="
        }
      ]
    }
  ]
}
