{
  "version": 4,
  "terraform_version": "0.12.24",
  "serial": 23,
  "lineage": "04bfcd8c-8f59-4bb0-07f8-3b40ebf1ad0b",
  "outputs": {},
  "resources": [
    {
      "module": "module.rds",
      "mode": "data",
      "type": "aws_caller_identity",
      "name": "current",
      "provider": "provider.aws",
      "instances": [
        {
          "schema_version": 0,
          "attributes": {
            "account_id": "399728276788",
            "arn": "arn:aws:iam::399728276788:user/sam.habash.devops",
            "id": "2020-05-25 09:06:51.590923721 +0000 UTC",
            "user_id": "AIDAV2ENJOU2MVTURQI7M"
          }
        }
      ]
    },
    {
      "module": "module.rds",
      "mode": "data",
      "type": "aws_region",
      "name": "current",
      "provider": "provider.aws",
      "instances": [
        {
          "schema_version": 0,
          "attributes": {
            "current": null,
            "description": "US East (N. Virginia)",
            "endpoint": "ec2.us-east-1.amazonaws.com",
            "id": "us-east-1",
            "name": "us-east-1"
          }
        }
      ]
    },
    {
      "mode": "data",
      "type": "aws_s3_bucket",
      "name": "s3-bucket",
      "provider": "provider.aws",
      "instances": [
        {
          "schema_version": 0,
          "attributes": {
            "arn": "arn:aws:s3:::samh-s3-bucket",
            "bucket": "samh-s3-bucket",
            "bucket_domain_name": "samh-s3-bucket.s3.amazonaws.com",
            "bucket_regional_domain_name": "samh-s3-bucket.s3.amazonaws.com",
            "hosted_zone_id": "Z3AQBSTGFYJSTF",
            "id": "samh-s3-bucket",
            "region": "us-east-1",
            "website_domain": null,
            "website_endpoint": null
          }
        }
      ]
    },
    {
      "mode": "data",
      "type": "aws_secretsmanager_secret",
      "name": "rds_creds",
      "provider": "provider.aws",
      "instances": [
        {
          "schema_version": 0,
          "attributes": {
            "arn": "arn:aws:secretsmanager:us-east-1:399728276788:secret:rds-credentials-KE5hdR",
            "description": "",
            "id": "arn:aws:secretsmanager:us-east-1:399728276788:secret:rds-credentials-KE5hdR",
            "kms_key_id": "",
            "name": "rds-credentials",
            "policy": "",
            "rotation_enabled": false,
            "rotation_lambda_arn": "",
            "rotation_rules": [],
            "tags": {}
          }
        }
      ]
    },
    {
      "module": "module.rds",
      "mode": "data",
      "type": "aws_security_group",
      "name": "default",
      "provider": "provider.aws",
      "instances": [
        {
          "schema_version": 0,
          "attributes": {
            "arn": "arn:aws:ec2:us-east-1:399728276788:security-group/sg-5998e977",
            "description": "default VPC security group",
            "filter": null,
            "id": "sg-5998e977",
            "name": "default",
            "tags": {},
            "vpc_id": "vpc-6b282b11"
          }
        }
      ]
    },
    {
      "module": "module.rds",
      "mode": "data",
      "type": "aws_security_group",
      "name": "rds-sg",
      "provider": "provider.aws",
      "instances": []
    },
    {
      "module": "module.rds",
      "mode": "data",
      "type": "aws_subnet",
      "name": "rds_subnet_id_1",
      "provider": "provider.aws",
      "instances": [
        {
          "schema_version": 0,
          "attributes": {
            "arn": "arn:aws:ec2:us-east-1:399728276788:subnet/subnet-4ac4332c",
            "assign_ipv6_address_on_creation": false,
            "availability_zone": "us-east-1a",
            "availability_zone_id": "use1-az1",
            "cidr_block": "172.31.0.0/20",
            "default_for_az": true,
            "filter": null,
            "id": "subnet-4ac4332c",
            "ipv6_cidr_block": null,
            "ipv6_cidr_block_association_id": null,
            "map_public_ip_on_launch": true,
            "outpost_arn": "",
            "owner_id": "399728276788",
            "state": "available",
            "tags": {},
            "vpc_id": "vpc-6b282b11"
          }
        }
      ]
    },
    {
      "module": "module.rds",
      "mode": "data",
      "type": "aws_subnet",
      "name": "rds_subnet_id_2",
      "provider": "provider.aws",
      "instances": [
        {
          "schema_version": 0,
          "attributes": {
            "arn": "arn:aws:ec2:us-east-1:399728276788:subnet/subnet-88a05da9",
            "assign_ipv6_address_on_creation": false,
            "availability_zone": "us-east-1b",
            "availability_zone_id": "use1-az2",
            "cidr_block": "172.31.80.0/20",
            "default_for_az": true,
            "filter": null,
            "id": "subnet-88a05da9",
            "ipv6_cidr_block": null,
            "ipv6_cidr_block_association_id": null,
            "map_public_ip_on_launch": true,
            "outpost_arn": "",
            "owner_id": "399728276788",
            "state": "available",
            "tags": {},
            "vpc_id": "vpc-6b282b11"
          }
        }
      ]
    },
    {
      "module": "module.rds",
      "mode": "data",
      "type": "aws_vpc",
      "name": "default",
      "provider": "provider.aws",
      "instances": [
        {
          "schema_version": 0,
          "attributes": {
            "arn": "arn:aws:ec2:us-east-1:399728276788:vpc/vpc-6b282b11",
            "cidr_block": "172.31.0.0/16",
            "cidr_block_associations": [
              {
                "association_id": "vpc-cidr-assoc-d3031fbf",
                "cidr_block": "172.31.0.0/16",
                "state": "associated"
              }
            ],
            "default": true,
            "dhcp_options_id": "dopt-15b9156f",
            "enable_dns_hostnames": true,
            "enable_dns_support": true,
            "filter": null,
            "id": "vpc-6b282b11",
            "instance_tenancy": "default",
            "ipv6_association_id": null,
            "ipv6_cidr_block": null,
            "main_route_table_id": "rtb-035ad47d",
            "owner_id": "399728276788",
            "state": "available",
            "tags": {}
          }
        }
      ]
    },
    {
      "module": "module.rds",
      "mode": "managed",
      "type": "aws_db_instance",
      "name": "rds_instance",
      "provider": "provider.aws",
      "instances": []
    },
    {
      "mode": "managed",
      "type": "aws_iam_role",
      "name": "iam_for_lambda",
      "provider": "provider.aws",
      "instances": [
        {
          "schema_version": 0,
          "attributes": {
            "arn": "arn:aws:iam::399728276788:role/iam_for_lambda",
            "assume_role_policy": "{\"Version\":\"2012-10-17\",\"Statement\":[{\"Sid\":\"\",\"Effect\":\"Allow\",\"Principal\":{\"Service\":\"lambda.amazonaws.com\"},\"Action\":\"sts:AssumeRole\"}]}",
            "create_date": "2020-05-25T07:19:38Z",
            "description": "",
            "force_detach_policies": false,
            "id": "iam_for_lambda",
            "max_session_duration": 3600,
            "name": "iam_for_lambda",
            "name_prefix": null,
            "path": "/",
            "permissions_boundary": null,
            "tags": {},
            "unique_id": "AROAV2ENJOU2JAKWYOC5W"
          },
          "private": "bnVsbA=="
        }
      ]
    },
    {
      "mode": "managed",
      "type": "aws_iam_role_policy",
      "name": "Allow_S3",
      "provider": "provider.aws",
      "instances": [
        {
          "schema_version": 0,
          "attributes": {
            "id": "iam_for_lambda:terraform-20200525071939429300000002",
            "name": "terraform-20200525071939429300000002",
            "name_prefix": null,
            "policy": "{\n  \"Version\": \"2012-10-17\",\n  \"Statement\": [\n    {\n      \"Sid\": \"BucketAccess\",\n      \"Effect\": \"Allow\",\n      \"Action\": \"s3:ListBucket\",\n      \"Resource\": [\n        \"arn:aws:s3:::samh-s3-bucket/*\"\n      ]\n    },\n    {\n      \"Sid\": \"BucketContentsAccess\",\n      \"Effect\": \"Allow\",\n      \"Action\": [\n        \"s3:GetObject\"\n      ],\n      \"Resource\": [\n        \"arn:aws:s3:::samh-s3-bucket/*\"\n      ]\n    }\n  ]\n}\n",
            "role": "iam_for_lambda"
          },
          "private": "bnVsbA==",
          "dependencies": [
            "aws_iam_role.iam_for_lambda"
          ]
        }
      ]
    },
    {
      "mode": "managed",
      "type": "aws_iam_role_policy",
      "name": "Allow_read_secretManager",
      "provider": "provider.aws",
      "instances": [
        {
          "schema_version": 0,
          "attributes": {
            "id": "iam_for_lambda:terraform-20200525071939428100000001",
            "name": "terraform-20200525071939428100000001",
            "name_prefix": null,
            "policy": "{\n  \"Version\": \"2012-10-17\",\n  \"Statement\": [\n    {\n      \"Sid\": \"VisualEditor0\",\n      \"Effect\": \"Allow\",\n      \"Action\": [\n        \"secretsmanager:GetResourcePolicy\",\n        \"secretsmanager:GetSecretValue\",\n        \"secretsmanager:DescribeSecret\",\n        \"secretsmanager:ListSecretVersionIds\"\n      ],\n      \"Resource\": [\n        \"arn:aws:secretsmanager:us-east-1:399728276788:secret:rds-credentials-KE5hdR\"\n      ]\n    },\n    {\n      \"Sid\": \"VisualEditor1\",\n      \"Effect\": \"Allow\",\n      \"Action\": [\n        \"secretsmanager:GetRandomPassword\",\n        \"secretsmanager:ListSecrets\"\n      ],\n      \"Resource\": \"*\"\n    }\n  ]\n}\n",
            "role": "iam_for_lambda"
          },
          "private": "bnVsbA==",
          "dependencies": [
            "aws_iam_role.iam_for_lambda"
          ]
        }
      ]
    },
    {
      "mode": "managed",
      "type": "aws_iam_role_policy",
      "name": "allow-list-rds-instances",
      "provider": "provider.aws",
      "instances": [
        {
          "schema_version": 0,
          "attributes": {
            "id": "iam_for_lambda:terraform-20200525090259530000000001",
            "name": "terraform-20200525090259530000000001",
            "name_prefix": null,
            "policy": "{\n    \"Version\": \"2012-10-17\",\n    \"Statement\": [\n        {\n            \"Sid\": \"VisualEditor0\",\n            \"Effect\": \"Allow\",\n            \"Action\": \"rds:DescribeDBInstances\",\n            \"Resource\": \"*\"\n        }\n    ]\n}\n",
            "role": "iam_for_lambda"
          },
          "private": "bnVsbA==",
          "dependencies": [
            "aws_iam_role.iam_for_lambda"
          ]
        }
      ]
    },
    {
      "mode": "managed",
      "type": "aws_iam_role_policy",
      "name": "authenticate-connection-rds",
      "provider": "provider.aws",
      "instances": []
    },
    {
      "mode": "managed",
      "type": "aws_iam_role_policy_attachment",
      "name": "basic_lambda",
      "provider": "provider.aws",
      "instances": [
        {
          "schema_version": 0,
          "attributes": {
            "id": "iam_for_lambda-20200525071940382000000003",
            "policy_arn": "arn:aws:iam::aws:policy/service-role/AWSLambdaBasicExecutionRole",
            "role": "iam_for_lambda"
          },
          "private": "bnVsbA==",
          "dependencies": [
            "aws_iam_role.iam_for_lambda"
          ]
        }
      ]
    },
    {
      "mode": "managed",
      "type": "aws_lambda_function",
      "name": "lambda-LinesCount",
      "provider": "provider.aws",
      "instances": [
        {
          "schema_version": 0,
          "attributes": {
            "arn": "arn:aws:lambda:us-east-1:399728276788:function:LinesCount",
            "dead_letter_config": [],
            "description": "",
            "environment": [],
            "filename": "linescounter.zip",
            "function_name": "LinesCount",
            "handler": "linescounter.handler",
            "id": "LinesCount",
            "invoke_arn": "arn:aws:apigateway:us-east-1:lambda:path/2015-03-31/functions/arn:aws:lambda:us-east-1:399728276788:function:LinesCount/invocations",
            "kms_key_arn": "",
            "last_modified": "2020-05-25T08:06:21.705+0000",
            "layers": [],
            "memory_size": 128,
            "publish": false,
            "qualified_arn": "arn:aws:lambda:us-east-1:399728276788:function:LinesCount:$LATEST",
            "reserved_concurrent_executions": -1,
            "role": "arn:aws:iam::399728276788:role/iam_for_lambda",
            "runtime": "python3.6",
            "s3_bucket": null,
            "s3_key": null,
            "s3_object_version": null,
            "source_code_hash": "iWAtp7lDlN2PodRRy26oKRSOD8TZChDJpQIppc5bpL0=",
            "source_code_size": 109143,
            "tags": {},
            "timeout": 3,
            "timeouts": null,
            "tracing_config": [
              {
                "mode": "PassThrough"
              }
            ],
            "version": "$LATEST",
            "vpc_config": []
          },
          "private": "eyJlMmJmYjczMC1lY2FhLTExZTYtOGY4OC0zNDM2M2JjN2M0YzAiOnsiY3JlYXRlIjo2MDAwMDAwMDAwMDB9fQ==",
          "dependencies": [
            "aws_iam_role.iam_for_lambda"
          ]
        }
      ]
    },
    {
      "mode": "managed",
      "type": "aws_lambda_permission",
      "name": "allow_bucket_lambda",
      "provider": "provider.aws",
      "instances": [
        {
          "schema_version": 0,
          "attributes": {
            "action": "lambda:InvokeFunction",
            "event_source_token": null,
            "function_name": "LinesCount",
            "id": "AllowExecutionFromS3Bucket",
            "principal": "s3.amazonaws.com",
            "qualifier": "",
            "source_account": null,
            "source_arn": "arn:aws:s3:::samh-s3-bucket",
            "statement_id": "AllowExecutionFromS3Bucket",
            "statement_id_prefix": null
          },
          "private": "bnVsbA==",
          "dependencies": [
            "aws_iam_role.iam_for_lambda",
            "aws_lambda_function.lambda-LinesCount"
          ]
        }
      ]
    },
    {
      "mode": "managed",
      "type": "aws_s3_bucket_notification",
      "name": "allow_s3_bucket_notification",
      "provider": "provider.aws",
      "instances": [
        {
          "schema_version": 0,
          "attributes": {
            "bucket": "samh-s3-bucket",
            "id": "samh-s3-bucket",
            "lambda_function": [
              {
                "events": [
                  "s3:ObjectCreated:*"
                ],
                "filter_prefix": "data/",
                "filter_suffix": "",
                "id": "tf-s3-lambda-20200525073704629500000001",
                "lambda_function_arn": "arn:aws:lambda:us-east-1:399728276788:function:LinesCount"
              }
            ],
            "queue": [],
            "topic": []
          },
          "private": "bnVsbA==",
          "dependencies": [
            "aws_lambda_function.lambda-LinesCount",
            "aws_lambda_permission.allow_bucket_lambda"
          ]
        }
      ]
    },
    {
      "mode": "managed",
      "type": "aws_s3_bucket_notification",
      "name": "notify_to_lambda",
      "provider": "provider.aws",
      "instances": [
        {
          "schema_version": 0,
          "attributes": {
            "bucket": "samh-s3-bucket",
            "id": "samh-s3-bucket",
            "lambda_function": [
              {
                "events": [
                  "s3:ObjectCreated:*"
                ],
                "filter_prefix": "data/",
                "filter_suffix": "",
                "id": "tf-s3-lambda-20200525073704629500000001",
                "lambda_function_arn": "arn:aws:lambda:us-east-1:399728276788:function:LinesCount"
              }
            ],
            "queue": [],
            "topic": []
          },
          "private": "bnVsbA==",
          "dependencies": [
            "aws_lambda_function.lambda-LinesCount"
          ]
        }
      ]
    },
    {
      "module": "module.rds",
      "mode": "managed",
      "type": "aws_security_group_rule",
      "name": "egress_allow_all_rds",
      "provider": "provider.aws",
      "instances": []
    },
    {
      "module": "module.rds",
      "mode": "managed",
      "type": "aws_security_group_rule",
      "name": "ingress_allow_all_rds",
      "provider": "provider.aws",
      "instances": []
    },
    {
      "module": "module.rds.module.global_vars",
      "mode": "managed",
      "type": "random_password",
      "name": "rds_random_pass",
      "provider": "provider.random",
      "instances": [
        {
          "schema_version": 0,
          "attributes": {
            "id": "none",
            "keepers": null,
            "length": 16,
            "lower": true,
            "min_lower": 0,
            "min_numeric": 0,
            "min_special": 0,
            "min_upper": 0,
            "number": true,
            "override_special": "$%*",
            "result": "RS43fy$NltKJg4kX",
            "special": true,
            "upper": true
          },
          "private": "bnVsbA=="
        }
      ]
    }
  ]
}
